// !$*UTF8*$!
{
	archiveVersion = 1;
	classes = {
	};
	objectVersion = 56;
	objects = {

/* Begin PBXBuildFile section */
		FB0743E92D91B08C00E26A46 /* RedesSocialesApp.swift in Sources */ = {isa = PBXBuildFile; fileRef = FB0743E82D91B08C00E26A46 /* RedesSocialesApp.swift */; };
		FB0743EB2D91B08C00E26A46 /* ContentView.swift in Sources */ = {isa = PBXBuildFile; fileRef = FB0743EA2D91B08C00E26A46 /* ContentView.swift */; };
		FB0743ED2D91B08D00E26A46 /* Assets.xcassets in Resources */ = {isa = PBXBuildFile; fileRef = FB0743EC2D91B08D00E26A46 /* Assets.xcassets */; };
		FB0743F02D91B08D00E26A46 /* Preview Assets.xcassets in Resources */ = {isa = PBXBuildFile; fileRef = FB0743EF2D91B08D00E26A46 /* Preview Assets.xcassets */; };
		FB0743FA2D91B26E00E26A46 /* publicacion.swift in Sources */ = {isa = PBXBuildFile; fileRef = FB0743F92D91B26E00E26A46 /* publicacion.swift */; };
		FB0743FC2D91B49E00E26A46 /* placeholder_api.swift in Sources */ = {isa = PBXBuildFile; fileRef = FB0743FB2D91B49E00E26A46 /* placeholder_api.swift */; };
		FB0743FE2D91B4AC00E26A46 /* errores.swift in Sources */ = {isa = PBXBuildFile; fileRef = FB0743FD2D91B4AC00E26A46 /* errores.swift */; };
		FB0744002D91BC4900E26A46 /* controlador_publicaciones.swift in Sources */ = {isa = PBXBuildFile; fileRef = FB0743FF2D91BC4900E26A46 /* controlador_publicaciones.swift */; };
		FB0744042D91BE2100E26A46 /* publicaciones_general.swift in Sources */ = {isa = PBXBuildFile; fileRef = FB0744032D91BE2100E26A46 /* publicaciones_general.swift */; };
		FB16EAF22D9700F700CB9D8F /* perfil.swift in Sources */ = {isa = PBXBuildFile; fileRef = FB16EAF12D9700F600CB9D8F /* perfil.swift */; };
		FB16EAF52D97045700CB9D8F /* perfil_vista_basica.swift in Sources */ = {isa = PBXBuildFile; fileRef = FB16EAF42D97045700CB9D8F /* perfil_vista_basica.swift */; };
		FBD0C84C2D9453700036BD8F /* controlador_app.swift in Sources */ = {isa = PBXBuildFile; fileRef = FBD0C84B2D9453700036BD8F /* controlador_app.swift */; };
		FBD0C8502D945F5B0036BD8F /* publicacionVista.swift in Sources */ = {isa = PBXBuildFile; fileRef = FBD0C84F2D945F5B0036BD8F /* publicacionVista.swift */; };
		FBD0C8522D9463310036BD8F /* comentario.swift in Sources */ = {isa = PBXBuildFile; fileRef = FBD0C8512D9463310036BD8F /* comentario.swift */; };
		FBDC383A2D9AEC7C0021F015 /* menu_aplicacion.swift in Sources */ = {isa = PBXBuildFile; fileRef = FBDC38392D9AEC7C0021F015 /* menu_aplicacion.swift */; };
		FBE0EED82D9D942A0079733A /* mono_chino.swift in Sources */ = {isa = PBXBuildFile; fileRef = FBE0EED72D9D942A0079733A /* mono_chino.swift */; };
		FBE0EEDA2D9D966E0079733A /* planeta.swift in Sources */ = {isa = PBXBuildFile; fileRef = FBE0EED92D9D966E0079733A /* planeta.swift */; };
		FBE0EEDC2D9D97560079733A /* transformacion.swift in Sources */ = {isa = PBXBuildFile; fileRef = FBE0EEDB2D9D97560079733A /* transformacion.swift */; };
		FBE0EEDE2D9D98B80079733A /* dragonball_api.swift in Sources */ = {isa = PBXBuildFile; fileRef = FBE0EEDD2D9D98B80079733A /* dragonball_api.swift */; };
		FBE0EEE12D9D9A800079733A /* pagina_resultados.swift in Sources */ = {isa = PBXBuildFile; fileRef = FBE0EEE02D9D9A800079733A /* pagina_resultados.swift */; };
/* End PBXBuildFile section */

/* Begin PBXFileReference section */
		FB0743E52D91B08C00E26A46 /* RedesSociales.app */ = {isa = PBXFileReference; explicitFileType = wrapper.application; includeInIndex = 0; path = RedesSociales.app; sourceTree = BUILT_PRODUCTS_DIR; };
		FB0743E82D91B08C00E26A46 /* RedesSocialesApp.swift */ = {isa = PBXFileReference; lastKnownFileType = sourcecode.swift; path = RedesSocialesApp.swift; sourceTree = "<group>"; };
		FB0743EA2D91B08C00E26A46 /* ContentView.swift */ = {isa = PBXFileReference; lastKnownFileType = sourcecode.swift; path = ContentView.swift; sourceTree = "<group>"; };
		FB0743EC2D91B08D00E26A46 /* Assets.xcassets */ = {isa = PBXFileReference; lastKnownFileType = folder.assetcatalog; path = Assets.xcassets; sourceTree = "<group>"; };
		FB0743EF2D91B08D00E26A46 /* Preview Assets.xcassets */ = {isa = PBXFileReference; lastKnownFileType = folder.assetcatalog; path = "Preview Assets.xcassets"; sourceTree = "<group>"; };
		FB0743F92D91B26E00E26A46 /* publicacion.swift */ = {isa = PBXFileReference; lastKnownFileType = sourcecode.swift; path = publicacion.swift; sourceTree = "<group>"; };
		FB0743FB2D91B49E00E26A46 /* placeholder_api.swift */ = {isa = PBXFileReference; lastKnownFileType = sourcecode.swift; path = placeholder_api.swift; sourceTree = "<group>"; };
		FB0743FD2D91B4AC00E26A46 /* errores.swift */ = {isa = PBXFileReference; lastKnownFileType = sourcecode.swift; path = errores.swift; sourceTree = "<group>"; };
		FB0743FF2D91BC4900E26A46 /* controlador_publicaciones.swift */ = {isa = PBXFileReference; lastKnownFileType = sourcecode.swift; path = controlador_publicaciones.swift; sourceTree = "<group>"; };
		FB0744032D91BE2100E26A46 /* publicaciones_general.swift */ = {isa = PBXFileReference; lastKnownFileType = sourcecode.swift; path = publicaciones_general.swift; sourceTree = "<group>"; };
		FB16EAF12D9700F600CB9D8F /* perfil.swift */ = {isa = PBXFileReference; lastKnownFileType = sourcecode.swift; path = perfil.swift; sourceTree = "<group>"; };
		FB16EAF42D97045700CB9D8F /* perfil_vista_basica.swift */ = {isa = PBXFileReference; lastKnownFileType = sourcecode.swift; path = perfil_vista_basica.swift; sourceTree = "<group>"; };
		FBD0C84B2D9453700036BD8F /* controlador_app.swift */ = {isa = PBXFileReference; lastKnownFileType = sourcecode.swift; path = controlador_app.swift; sourceTree = "<group>"; };
		FBD0C84F2D945F5B0036BD8F /* publicacionVista.swift */ = {isa = PBXFileReference; lastKnownFileType = sourcecode.swift; path = publicacionVista.swift; sourceTree = "<group>"; };
		FBD0C8512D9463310036BD8F /* comentario.swift */ = {isa = PBXFileReference; lastKnownFileType = sourcecode.swift; path = comentario.swift; sourceTree = "<group>"; };
		FBDC38392D9AEC7C0021F015 /* menu_aplicacion.swift */ = {isa = PBXFileReference; lastKnownFileType = sourcecode.swift; path = menu_aplicacion.swift; sourceTree = "<group>"; };
		FBE0EED72D9D942A0079733A /* mono_chino.swift */ = {isa = PBXFileReference; lastKnownFileType = sourcecode.swift; path = mono_chino.swift; sourceTree = "<group>"; };
		FBE0EED92D9D966E0079733A /* planeta.swift */ = {isa = PBXFileReference; lastKnownFileType = sourcecode.swift; path = planeta.swift; sourceTree = "<group>"; };
		FBE0EEDB2D9D97560079733A /* transformacion.swift */ = {isa = PBXFileReference; lastKnownFileType = sourcecode.swift; path = transformacion.swift; sourceTree = "<group>"; };
		FBE0EEDD2D9D98B80079733A /* dragonball_api.swift */ = {isa = PBXFileReference; lastKnownFileType = sourcecode.swift; path = dragonball_api.swift; sourceTree = "<group>"; };
		FBE0EEE02D9D9A800079733A /* pagina_resultados.swift */ = {isa = PBXFileReference; lastKnownFileType = sourcecode.swift; path = pagina_resultados.swift; sourceTree = "<group>"; };
/* End PBXFileReference section */

/* Begin PBXFrameworksBuildPhase section */
		FB0743E22D91B08C00E26A46 /* Frameworks */ = {
			isa = PBXFrameworksBuildPhase;
			buildActionMask = 2147483647;
			files = (
			);
			runOnlyForDeploymentPostprocessing = 0;
		};
/* End PBXFrameworksBuildPhase section */

/* Begin PBXGroup section */
		FB0743DC2D91B08C00E26A46 = {
			isa = PBXGroup;
			children = (
				FB0743E72D91B08C00E26A46 /* RedesSociales */,
				FB0743E62D91B08C00E26A46 /* Products */,
			);
			sourceTree = "<group>";
		};
		FB0743E62D91B08C00E26A46 /* Products */ = {
			isa = PBXGroup;
			children = (
				FB0743E52D91B08C00E26A46 /* RedesSociales.app */,
			);
			name = Products;
			sourceTree = "<group>";
		};
		FB0743E72D91B08C00E26A46 /* RedesSociales */ = {
			isa = PBXGroup;
			children = (
				FB0744012D91BDEA00E26A46 /* ui */,
				FB0743F82D91B19C00E26A46 /* servicios_API */,
				FB0743F72D91B19100E26A46 /* controladores */,
				FB0743F62D91B18100E26A46 /* modelos */,
				FB0743E82D91B08C00E26A46 /* RedesSocialesApp.swift */,
				FB0743EA2D91B08C00E26A46 /* ContentView.swift */,
				FB0743EC2D91B08D00E26A46 /* Assets.xcassets */,
				FB0743EE2D91B08D00E26A46 /* Preview Content */,
			);
			path = RedesSociales;
			sourceTree = "<group>";
		};
		FB0743EE2D91B08D00E26A46 /* Preview Content */ = {
			isa = PBXGroup;
			children = (
				FB0743EF2D91B08D00E26A46 /* Preview Assets.xcassets */,
			);
			path = "Preview Content";
			sourceTree = "<group>";
		};
		FB0743F62D91B18100E26A46 /* modelos */ = {
			isa = PBXGroup;
			children = (
				FBE0EED62D9D93F50079733A /* dragon_ball */,
				FB0743F92D91B26E00E26A46 /* publicacion.swift */,
				FBD0C8512D9463310036BD8F /* comentario.swift */,
				FB16EAF12D9700F600CB9D8F /* perfil.swift */,
			);
			path = modelos;
			sourceTree = "<group>";
		};
		FB0743F72D91B19100E26A46 /* controladores */ = {
			isa = PBXGroup;
			children = (
				FB0743FF2D91BC4900E26A46 /* controlador_publicaciones.swift */,
				FBD0C84B2D9453700036BD8F /* controlador_app.swift */,
			);
			path = controladores;
			sourceTree = "<group>";
		};
		FB0743F82D91B19C00E26A46 /* servicios_API */ = {
			isa = PBXGroup;
			children = (
				FB0743FB2D91B49E00E26A46 /* placeholder_api.swift */,
				FB0743FD2D91B4AC00E26A46 /* errores.swift */,
				FBE0EEDD2D9D98B80079733A /* dragonball_api.swift */,
			);
			path = servicios_API;
			sourceTree = "<group>";
		};
		FB0744012D91BDEA00E26A46 /* ui */ = {
			isa = PBXGroup;
			children = (
				FBDC38382D9AEC0A0021F015 /* menu_inicial */,
				FB16EAF32D97044100CB9D8F /* perfil_basico */,
				FB0744022D91BE0000E26A46 /* publicaciones */,
			);
			path = ui;
			sourceTree = "<group>";
		};
		FB0744022D91BE0000E26A46 /* publicaciones */ = {
			isa = PBXGroup;
			children = (
				FB0744032D91BE2100E26A46 /* publicaciones_general.swift */,
				FBD0C84F2D945F5B0036BD8F /* publicacionVista.swift */,
			);
			path = publicaciones;
			sourceTree = "<group>";
		};
		FB16EAF32D97044100CB9D8F /* perfil_basico */ = {
			isa = PBXGroup;
			children = (
				FB16EAF42D97045700CB9D8F /* perfil_vista_basica.swift */,
			);
			path = perfil_basico;
			sourceTree = "<group>";
		};
		FBDC38382D9AEC0A0021F015 /* menu_inicial */ = {
			isa = PBXGroup;
			children = (
				FBDC38392D9AEC7C0021F015 /* menu_aplicacion.swift */,
			);
			path = menu_inicial;
			sourceTree = "<group>";
		};
		FBE0EED62D9D93F50079733A /* dragon_ball */ = {
			isa = PBXGroup;
			children = (
				FBE0EEDF2D9D9A700079733A /* soporte */,
				FBE0EED72D9D942A0079733A /* mono_chino.swift */,
				FBE0EED92D9D966E0079733A /* planeta.swift */,
				FBE0EEDB2D9D97560079733A /* transformacion.swift */,
			);
			path = dragon_ball;
			sourceTree = "<group>";
		};
		FBE0EEDF2D9D9A700079733A /* soporte */ = {
			isa = PBXGroup;
			children = (
				FBE0EEE02D9D9A800079733A /* pagina_resultados.swift */,
			);
			path = soporte;
			sourceTree = "<group>";
		};
/* End PBXGroup section */

/* Begin PBXNativeTarget section */
		FB0743E42D91B08C00E26A46 /* RedesSociales */ = {
			isa = PBXNativeTarget;
			buildConfigurationList = FB0743F32D91B08D00E26A46 /* Build configuration list for PBXNativeTarget "RedesSociales" */;
			buildPhases = (
				FB0743E12D91B08C00E26A46 /* Sources */,
				FB0743E22D91B08C00E26A46 /* Frameworks */,
				FB0743E32D91B08C00E26A46 /* Resources */,
			);
			buildRules = (
			);
			dependencies = (
			);
			name = RedesSociales;
			productName = RedesSociales;
			productReference = FB0743E52D91B08C00E26A46 /* RedesSociales.app */;
			productType = "com.apple.product-type.application";
		};
/* End PBXNativeTarget section */

/* Begin PBXProject section */
		FB0743DD2D91B08C00E26A46 /* Project object */ = {
			isa = PBXProject;
			attributes = {
				BuildIndependentTargetsInParallel = 1;
				LastSwiftUpdateCheck = 1540;
				LastUpgradeCheck = 1540;
				TargetAttributes = {
					FB0743E42D91B08C00E26A46 = {
						CreatedOnToolsVersion = 15.4;
					};
				};
			};
			buildConfigurationList = FB0743E02D91B08C00E26A46 /* Build configuration list for PBXProject "RedesSociales" */;
			compatibilityVersion = "Xcode 14.0";
			developmentRegion = en;
			hasScannedForEncodings = 0;
			knownRegions = (
				en,
				Base,
			);
			mainGroup = FB0743DC2D91B08C00E26A46;
			productRefGroup = FB0743E62D91B08C00E26A46 /* Products */;
			projectDirPath = "";
			projectRoot = "";
			targets = (
				FB0743E42D91B08C00E26A46 /* RedesSociales */,
			);
		};
/* End PBXProject section */

/* Begin PBXResourcesBuildPhase section */
		FB0743E32D91B08C00E26A46 /* Resources */ = {
			isa = PBXResourcesBuildPhase;
			buildActionMask = 2147483647;
			files = (
				FB0743F02D91B08D00E26A46 /* Preview Assets.xcassets in Resources */,
				FB0743ED2D91B08D00E26A46 /* Assets.xcassets in Resources */,
			);
			runOnlyForDeploymentPostprocessing = 0;
		};
/* End PBXResourcesBuildPhase section */

/* Begin PBXSourcesBuildPhase section */
		FB0743E12D91B08C00E26A46 /* Sources */ = {
			isa = PBXSourcesBuildPhase;
			buildActionMask = 2147483647;
			files = (
				FBDC383A2D9AEC7C0021F015 /* menu_aplicacion.swift in Sources */,
				FB0744042D91BE2100E26A46 /* publicaciones_general.swift in Sources */,
				FBD0C8502D945F5B0036BD8F /* publicacionVista.swift in Sources */,
				FB16EAF52D97045700CB9D8F /* perfil_vista_basica.swift in Sources */,
				FB0743FC2D91B49E00E26A46 /* placeholder_api.swift in Sources */,
				FBE0EEDC2D9D97560079733A /* transformacion.swift in Sources */,
				FB16EAF22D9700F700CB9D8F /* perfil.swift in Sources */,
				FBE0EEE12D9D9A800079733A /* pagina_resultados.swift in Sources */,
				FB0743EB2D91B08C00E26A46 /* ContentView.swift in Sources */,
				FBE0EEDE2D9D98B80079733A /* dragonball_api.swift in Sources */,
				FBD0C8522D9463310036BD8F /* comentario.swift in Sources */,
				FBE0EED82D9D942A0079733A /* mono_chino.swift in Sources */,
				FB0743FA2D91B26E00E26A46 /* publicacion.swift in Sources */,
				FB0744002D91BC4900E26A46 /* controlador_publicaciones.swift in Sources */,
				FB0743E92D91B08C00E26A46 /* RedesSocialesApp.swift in Sources */,
				FBE0EEDA2D9D966E0079733A /* planeta.swift in Sources */,
				FB0743FE2D91B4AC00E26A46 /* errores.swift in Sources */,
				FBD0C84C2D9453700036BD8F /* controlador_app.swift in Sources */,
			);
			runOnlyForDeploymentPostprocessing = 0;
		};
/* End PBXSourcesBuildPhase section */

/* Begin XCBuildConfiguration section */
		FB0743F12D91B08D00E26A46 /* Debug */ = {
			isa = XCBuildConfiguration;
			buildSettings = {
				ALWAYS_SEARCH_USER_PATHS = NO;
				ASSETCATALOG_COMPILER_GENERATE_SWIFT_ASSET_SYMBOL_EXTENSIONS = YES;
				CLANG_ANALYZER_NONNULL = YES;
				CLANG_ANALYZER_NUMBER_OBJECT_CONVERSION = YES_AGGRESSIVE;
				CLANG_CXX_LANGUAGE_STANDARD = "gnu++20";
				CLANG_ENABLE_MODULES = YES;
				CLANG_ENABLE_OBJC_ARC = YES;
				CLANG_ENABLE_OBJC_WEAK = YES;
				CLANG_WARN_BLOCK_CAPTURE_AUTORELEASING = YES;
				CLANG_WARN_BOOL_CONVERSION = YES;
				CLANG_WARN_COMMA = YES;
				CLANG_WARN_CONSTANT_CONVERSION = YES;
				CLANG_WARN_DEPRECATED_OBJC_IMPLEMENTATIONS = YES;
				CLANG_WARN_DIRECT_OBJC_ISA_USAGE = YES_ERROR;
				CLANG_WARN_DOCUMENTATION_COMMENTS = YES;
				CLANG_WARN_EMPTY_BODY = YES;
				CLANG_WARN_ENUM_CONVERSION = YES;
				CLANG_WARN_INFINITE_RECURSION = YES;
				CLANG_WARN_INT_CONVERSION = YES;
				CLANG_WARN_NON_LITERAL_NULL_CONVERSION = YES;
				CLANG_WARN_OBJC_IMPLICIT_RETAIN_SELF = YES;
				CLANG_WARN_OBJC_LITERAL_CONVERSION = YES;
				CLANG_WARN_OBJC_ROOT_CLASS = YES_ERROR;
				CLANG_WARN_QUOTED_INCLUDE_IN_FRAMEWORK_HEADER = YES;
				CLANG_WARN_RANGE_LOOP_ANALYSIS = YES;
				CLANG_WARN_STRICT_PROTOTYPES = YES;
				CLANG_WARN_SUSPICIOUS_MOVE = YES;
				CLANG_WARN_UNGUARDED_AVAILABILITY = YES_AGGRESSIVE;
				CLANG_WARN_UNREACHABLE_CODE = YES;
				CLANG_WARN__DUPLICATE_METHOD_MATCH = YES;
				COPY_PHASE_STRIP = NO;
				DEBUG_INFORMATION_FORMAT = dwarf;
				ENABLE_STRICT_OBJC_MSGSEND = YES;
				ENABLE_TESTABILITY = YES;
				ENABLE_USER_SCRIPT_SANDBOXING = YES;
				GCC_C_LANGUAGE_STANDARD = gnu17;
				GCC_DYNAMIC_NO_PIC = NO;
				GCC_NO_COMMON_BLOCKS = YES;
				GCC_OPTIMIZATION_LEVEL = 0;
				GCC_PREPROCESSOR_DEFINITIONS = (
					"DEBUG=1",
					"$(inherited)",
				);
				GCC_WARN_64_TO_32_BIT_CONVERSION = YES;
				GCC_WARN_ABOUT_RETURN_TYPE = YES_ERROR;
				GCC_WARN_UNDECLARED_SELECTOR = YES;
				GCC_WARN_UNINITIALIZED_AUTOS = YES_AGGRESSIVE;
				GCC_WARN_UNUSED_FUNCTION = YES;
				GCC_WARN_UNUSED_VARIABLE = YES;
				IPHONEOS_DEPLOYMENT_TARGET = 17.5;
				LOCALIZATION_PREFERS_STRING_CATALOGS = YES;
				MTL_ENABLE_DEBUG_INFO = INCLUDE_SOURCE;
				MTL_FAST_MATH = YES;
				ONLY_ACTIVE_ARCH = YES;
				SDKROOT = iphoneos;
				SWIFT_ACTIVE_COMPILATION_CONDITIONS = "DEBUG $(inherited)";
				SWIFT_OPTIMIZATION_LEVEL = "-Onone";
			};
			name = Debug;
		};
		FB0743F22D91B08D00E26A46 /* Release */ = {
			isa = XCBuildConfiguration;
			buildSettings = {
				ALWAYS_SEARCH_USER_PATHS = NO;
				ASSETCATALOG_COMPILER_GENERATE_SWIFT_ASSET_SYMBOL_EXTENSIONS = YES;
				CLANG_ANALYZER_NONNULL = YES;
				CLANG_ANALYZER_NUMBER_OBJECT_CONVERSION = YES_AGGRESSIVE;
				CLANG_CXX_LANGUAGE_STANDARD = "gnu++20";
				CLANG_ENABLE_MODULES = YES;
				CLANG_ENABLE_OBJC_ARC = YES;
				CLANG_ENABLE_OBJC_WEAK = YES;
				CLANG_WARN_BLOCK_CAPTURE_AUTORELEASING = YES;
				CLANG_WARN_BOOL_CONVERSION = YES;
				CLANG_WARN_COMMA = YES;
				CLANG_WARN_CONSTANT_CONVERSION = YES;
				CLANG_WARN_DEPRECATED_OBJC_IMPLEMENTATIONS = YES;
				CLANG_WARN_DIRECT_OBJC_ISA_USAGE = YES_ERROR;
				CLANG_WARN_DOCUMENTATION_COMMENTS = YES;
				CLANG_WARN_EMPTY_BODY = YES;
				CLANG_WARN_ENUM_CONVERSION = YES;
				CLANG_WARN_INFINITE_RECURSION = YES;
				CLANG_WARN_INT_CONVERSION = YES;
				CLANG_WARN_NON_LITERAL_NULL_CONVERSION = YES;
				CLANG_WARN_OBJC_IMPLICIT_RETAIN_SELF = YES;
				CLANG_WARN_OBJC_LITERAL_CONVERSION = YES;
				CLANG_WARN_OBJC_ROOT_CLASS = YES_ERROR;
				CLANG_WARN_QUOTED_INCLUDE_IN_FRAMEWORK_HEADER = YES;
				CLANG_WARN_RANGE_LOOP_ANALYSIS = YES;
				CLANG_WARN_STRICT_PROTOTYPES = YES;
				CLANG_WARN_SUSPICIOUS_MOVE = YES;
				CLANG_WARN_UNGUARDED_AVAILABILITY = YES_AGGRESSIVE;
				CLANG_WARN_UNREACHABLE_CODE = YES;
				CLANG_WARN__DUPLICATE_METHOD_MATCH = YES;
				COPY_PHASE_STRIP = NO;
				DEBUG_INFORMATION_FORMAT = "dwarf-with-dsym";
				ENABLE_NS_ASSERTIONS = NO;
				ENABLE_STRICT_OBJC_MSGSEND = YES;
				ENABLE_USER_SCRIPT_SANDBOXING = YES;
				GCC_C_LANGUAGE_STANDARD = gnu17;
				GCC_NO_COMMON_BLOCKS = YES;
				GCC_WARN_64_TO_32_BIT_CONVERSION = YES;
				GCC_WARN_ABOUT_RETURN_TYPE = YES_ERROR;
				GCC_WARN_UNDECLARED_SELECTOR = YES;
				GCC_WARN_UNINITIALIZED_AUTOS = YES_AGGRESSIVE;
				GCC_WARN_UNUSED_FUNCTION = YES;
				GCC_WARN_UNUSED_VARIABLE = YES;
				IPHONEOS_DEPLOYMENT_TARGET = 17.5;
				LOCALIZATION_PREFERS_STRING_CATALOGS = YES;
				MTL_ENABLE_DEBUG_INFO = NO;
				MTL_FAST_MATH = YES;
				SDKROOT = iphoneos;
				SWIFT_COMPILATION_MODE = wholemodule;
				VALIDATE_PRODUCT = YES;
			};
			name = Release;
		};
		FB0743F42D91B08D00E26A46 /* Debug */ = {
			isa = XCBuildConfiguration;
			buildSettings = {
				ASSETCATALOG_COMPILER_APPICON_NAME = AppIcon;
				ASSETCATALOG_COMPILER_GLOBAL_ACCENT_COLOR_NAME = AccentColor;
				CODE_SIGN_STYLE = Automatic;
				CURRENT_PROJECT_VERSION = 1;
				DEVELOPMENT_ASSET_PATHS = "\"RedesSociales/Preview Content\"";
				ENABLE_PREVIEWS = YES;
				GENERATE_INFOPLIST_FILE = YES;
				INFOPLIST_KEY_UIApplicationSceneManifest_Generation = YES;
				INFOPLIST_KEY_UIApplicationSupportsIndirectInputEvents = YES;
				INFOPLIST_KEY_UILaunchScreen_Generation = YES;
				INFOPLIST_KEY_UISupportedInterfaceOrientations_iPad = "UIInterfaceOrientationPortrait UIInterfaceOrientationPortraitUpsideDown UIInterfaceOrientationLandscapeLeft UIInterfaceOrientationLandscapeRight";
				INFOPLIST_KEY_UISupportedInterfaceOrientations_iPhone = "UIInterfaceOrientationPortrait UIInterfaceOrientationLandscapeLeft UIInterfaceOrientationLandscapeRight";
				LD_RUNPATH_SEARCH_PATHS = (
					"$(inherited)",
					"@executable_path/Frameworks",
				);
				MARKETING_VERSION = 1.0;
				PRODUCT_BUNDLE_IDENTIFIER = mx.alumnos.uacj.RedesSociales;
				PRODUCT_NAME = "$(TARGET_NAME)";
				SWIFT_EMIT_LOC_STRINGS = YES;
				SWIFT_VERSION = 5.0;
				TARGETED_DEVICE_FAMILY = "1,2";
			};
			name = Debug;
		};
		FB0743F52D91B08D00E26A46 /* Release */ = {
			isa = XCBuildConfiguration;
			buildSettings = {
				ASSETCATALOG_COMPILER_APPICON_NAME = AppIcon;
				ASSETCATALOG_COMPILER_GLOBAL_ACCENT_COLOR_NAME = AccentColor;
				CODE_SIGN_STYLE = Automatic;
				CURRENT_PROJECT_VERSION = 1;
				DEVELOPMENT_ASSET_PATHS = "\"RedesSociales/Preview Content\"";
				ENABLE_PREVIEWS = YES;
				GENERATE_INFOPLIST_FILE = YES;
				INFOPLIST_KEY_UIApplicationSceneManifest_Generation = YES;
				INFOPLIST_KEY_UIApplicationSupportsIndirectInputEvents = YES;
				INFOPLIST_KEY_UILaunchScreen_Generation = YES;
				INFOPLIST_KEY_UISupportedInterfaceOrientations_iPad = "UIInterfaceOrientationPortrait UIInterfaceOrientationPortraitUpsideDown UIInterfaceOrientationLandscapeLeft UIInterfaceOrientationLandscapeRight";
				INFOPLIST_KEY_UISupportedInterfaceOrientations_iPhone = "UIInterfaceOrientationPortrait UIInterfaceOrientationLandscapeLeft UIInterfaceOrientationLandscapeRight";
				LD_RUNPATH_SEARCH_PATHS = (
					"$(inherited)",
					"@executable_path/Frameworks",
				);
				MARKETING_VERSION = 1.0;
				PRODUCT_BUNDLE_IDENTIFIER = mx.alumnos.uacj.RedesSociales;
				PRODUCT_NAME = "$(TARGET_NAME)";
				SWIFT_EMIT_LOC_STRINGS = YES;
				SWIFT_VERSION = 5.0;
				TARGETED_DEVICE_FAMILY = "1,2";
			};
			name = Release;
		};
/* End XCBuildConfiguration section */

/* Begin XCConfigurationList section */
		FB0743E02D91B08C00E26A46 /* Build configuration list for PBXProject "RedesSociales" */ = {
			isa = XCConfigurationList;
			buildConfigurations = (
				FB0743F12D91B08D00E26A46 /* Debug */,
				FB0743F22D91B08D00E26A46 /* Release */,
			);
			defaultConfigurationIsVisible = 0;
			defaultConfigurationName = Release;
		};
		FB0743F32D91B08D00E26A46 /* Build configuration list for PBXNativeTarget "RedesSociales" */ = {
			isa = XCConfigurationList;
			buildConfigurations = (
				FB0743F42D91B08D00E26A46 /* Debug */,
				FB0743F52D91B08D00E26A46 /* Release */,
			);
			defaultConfigurationIsVisible = 0;
			defaultConfigurationName = Release;
		};
/* End XCConfigurationList section */
	};
	rootObject = FB0743DD2D91B08C00E26A46 /* Project object */;
}
